{
    "hash": "c280840bdfd71b481af41278d2ecc93b",
    "packages": [
        {
            "name": "php-activerecord/php-activerecord",
            "version": "dev-master",
            "source": {
                "type": "git",
                "url": "https://github.com/kla/php-activerecord",
                "reference": "6f72eb7958e7dd18a85b374ee28477de748acbd8"
            },
            "dist": {
                "type": "zip",
                "url": "https://github.com/kla/php-activerecord/zipball/6f72eb7958e7dd18a85b374ee28477de748acbd8",
                "reference": "6f72eb7958e7dd18a85b374ee28477de748acbd8",
                "shasum": ""
            },
            "require": {
                "php": ">=5.3.0"
            },
            "time": "1343746290",
            "type": "library",
            "installation-source": "source",
            "autoload": {
                "psr-0": {
                    "ActiveRecord": "lib/"
                }
            },
            "license": [
                "MIT"
            ],
            "description": "php-activerecord is an open source ORM library based on the ActiveRecord pattern.",
            "homepage": "http://www.phpactiverecord.org/",
            "keywords": [
                "orm",
                "activerecord"
            ]
        },
        {
            "name": "slim/slim",
            "version": "dev-master",
            "source": {
                "type": "git",
                "url": "https://github.com/codeguy/Slim",
                "reference": "2.1.0"
            },
            "dist": {
                "type": "zip",
                "url": "https://github.com/codeguy/Slim/zipball/2.1.0",
                "reference": "2.1.0",
                "shasum": ""
            },
            "require": {
                "php": ">=5.3.0"
            },
            "time": "1347466066",
            "type": "library",
            "installation-source": "source",
            "autoload": {
                "psr-0": {
                    "Slim": "."
                }
            },
            "license": [
                "MIT"
            ],
            "authors": [
                {
                    "name": "Josh Lockhart",
                    "email": "info@joshlockhart.com",
                    "homepage": "http://www.joshlockhart.com/"
                }
            ],
            "description": "Slim Framework, a PHP micro framework",
            "homepage": "http://github.com/codeguy/Slim",
            "keywords": [
                "microframework",
                "rest",
                "router"
            ]
        }
    ],
    "packages-dev": null,
    "aliases": [

    ],
    "minimum-stability": "stable",
    "stability-flags": {
        "php-activerecord/php-activerecord": 20,
        "slim/slim": 20
    }
}
